
Microsoft Visual Studio Solution File, Format Version 12.00
# Visual Studio Version 17
VisualStudioVersion = 17.0.31903.59
MinimumVisualStudioVersion = 10.0.40219.1
Project("{9A19103F-16F7-4668-BE54-9A1E7A4F7556}") = "StudentAPI", "StudentAPI\StudentAPI.csproj", "{C4FC9849-6871-4057-B9A2-66902B6951C1}"
EndProject
Project("{FAE04EC0-301F-11D3-BF4B-00C04F79EFBC}") = "ConsumeWebAPI", "ConsumeWebAPI\ConsumeWebAPI.csproj", "{D6AFAED8-F315-4E0A-8667-F559D60927E6}"
EndProject
Global
	GlobalSection(SolutionConfigurationPlatforms) = preSolution
		Debug|Any CPU = Debug|Any CPU
		Release|Any CPU = Release|Any CPU
	EndGlobalSection
	GlobalSection(ProjectConfigurationPlatforms) = postSolution
		{C4FC9849-6871-4057-B9A2-66902B6951C1}.Debug|Any CPU.ActiveCfg = Debug|Any CPU
		{C4FC9849-6871-4057-B9A2-66902B6951C1}.Debug|Any CPU.Build.0 = Debug|Any CPU
		{C4FC9849-6871-4057-B9A2-66902B6951C1}.Release|Any CPU.ActiveCfg = Release|Any CPU
		{C4FC9849-6871-4057-B9A2-66902B6951C1}.Release|Any CPU.Build.0 = Release|Any CPU
		{D6AFAED8-F315-4E0A-8667-F559D60927E6}.Debug|Any CPU.ActiveCfg = Debug|Any CPU
		{D6AFAED8-F315-4E0A-8667-F559D60927E6}.Debug|Any CPU.Build.0 = Debug|Any CPU
		{D6AFAED8-F315-4E0A-8667-F559D60927E6}.Release|Any CPU.ActiveCfg = Release|Any CPU
		{D6AFAED8-F315-4E0A-8667-F559D60927E6}.Release|Any CPU.Build.0 = Release|Any CPU
	EndGlobalSection
	GlobalSection(SolutionProperties) = preSolution
		HideSolutionNode = FALSE
	EndGlobalSection
	GlobalSection(ExtensibilityGlobals) = postSolution
		SolutionGuid = {0F298218-F7D5-4669-B216-397425714B81}
	EndGlobalSection
EndGlobal
